gopkg.in/Graylog2/go-gelf.v1 v1.0.0-20170811154226-7ebf4f536d8f h1:Rle3NzY1O9cyXt1MHSERAzpbR8D4wTvO3vRsgBsr8WI=
gopkg.in/Graylog2/go-gelf.v1 v1.0.0-20170811154226-7ebf4f536d8f/go.mod h1:m1PYiRvT4jG4oTm1H+OM5VC6sLyS+7aNCuI1qowlogM=
gopkg.in/Graylog2/go-gelf.v2 v2.0.0-20191017102106-1550ee647df0 h1:Xg23ydYYJLmb9AK3XdcEpplHZd1MpN3X2ZeeMoBClmY=
gopkg.in/Graylog2/go-gelf.v2 v2.0.0-20191017102106-1550ee647df0/go.mod h1:CeDeqW4tj9FrgZXF/dQCWZrBdcZWWBenhJtxLH4On2g=
